
Microsoft Visual Studio Solution File, Format Version 12.00
# Visual Studio Version 16
VisualStudioVersion = 16.0.30517.126
MinimumVisualStudioVersion = 10.0.40219.1
Project("{9A19103F-16F7-4668-BE54-9A1E7A4F7556}") = "test+game", "test+game\test+game.csproj", "{AA727AF6-41FA-41AA-8B98-1A5EE7B45229}"
EndProject
Global
	GlobalSection(SolutionConfigurationPlatforms) = preSolution
		Debug|Any CPU = Debug|Any CPU
		Release|Any CPU = Release|Any CPU
	EndGlobalSection
	GlobalSection(ProjectConfigurationPlatforms) = postSolution
		{AA727AF6-41FA-41AA-8B98-1A5EE7B45229}.Debug|Any CPU.ActiveCfg = Debug|Any CPU
		{AA727AF6-41FA-41AA-8B98-1A5EE7B45229}.Debug|Any CPU.Build.0 = Debug|Any CPU
		{AA727AF6-41FA-41AA-8B98-1A5EE7B45229}.Release|Any CPU.ActiveCfg = Release|Any CPU
		{AA727AF6-41FA-41AA-8B98-1A5EE7B45229}.Release|Any CPU.Build.0 = Release|Any CPU
	EndGlobalSection
	GlobalSection(SolutionProperties) = preSolution
		HideSolutionNode = FALSE
	EndGlobalSection
	GlobalSection(ExtensibilityGlobals) = postSolution
		SolutionGuid = {4172C8FC-BD91-4877-B757-8FFFCB92D1A3}
	EndGlobalSection
EndGlobal
